{
  "name": "vue-designer",
  "version": "0.0.0",
  "lockfileVersion": 1,
  "requires": true,
  "dependencies": {
    "@types/atom": {
      "version": "1.22.2",
      "resolved": "https://registry.npmjs.org/@types/atom/-/atom-1.22.2.tgz",
      "integrity": "sha512-JIkXWDDR75JIo756vH2do+1/bnIj4eEVZbmqZcnXN5nRhIxrTkqAVjGIKd92Giu820diFB6cPvKz1PS+u6dQgQ==",
      "dev": true,
      "requires": {
        "@types/jquery": "3.2.16",
        "@types/node": "8.0.53"
      }
    },
    "@types/jquery": {
      "version": "3.2.16",
      "resolved": "https://registry.npmjs.org/@types/jquery/-/jquery-3.2.16.tgz",
      "integrity": "sha512-q2WC02YxQoX2nY1HRKlYGHpGP1saPmD7GN0pwCDlTz35a4eOtJG+aHRlXyjCuXokUukSrR2aXyBhSW3j+jPc0A==",
      "dev": true
    },
    "@types/node": {
      "version": "8.0.53",
      "resolved": "https://registry.npmjs.org/@types/node/-/node-8.0.53.tgz",
      "integrity": "sha512-54Dm6NwYeiSQmRB1BLXKr5GELi0wFapR1npi8bnZhEcu84d/yQKqnwwXQ56hZ0RUbTG6L5nqDZaN3dgByQXQRQ==",
      "dev": true
    }
  }
}
